// !$*UTF8*$!
{
	archiveVersion = 1;
	classes = {
	};
	objectVersion = 77;
	objects = {

/* Begin PBXBuildFile section */
		AAAA00000000000000000050 /* pspspsApp.swift in Sources */ = {isa = PBXBuildFile; fileRef = AAAA00000000000000000010 /* pspspsApp.swift */; };
		AAAA00000000000000000051 /* pspspsTests.swift in Sources */ = {isa = PBXBuildFile; fileRef = AAAA00000000000000000020 /* pspspsTests.swift */; };
		AAAA00000000000000000052 /* WhisperKit in Frameworks */ = {isa = PBXBuildFile; productRef = AAAA00000000000000000081 /* WhisperKit */; };
		AAAA00000000000000000053 /* FluidAudio in Frameworks */ = {isa = PBXBuildFile; productRef = AAAA00000000000000000083 /* FluidAudio */; };
		AAAA000000000000000000B1 /* ASREngine.swift in Sources */ = {isa = PBXBuildFile; fileRef = AAAA000000000000000000A1 /* ASREngine.swift */; };
		AAAA000000000000000000B2 /* PostProcessor.swift in Sources */ = {isa = PBXBuildFile; fileRef = AAAA000000000000000000A2 /* PostProcessor.swift */; };
		AAAA000000000000000000B3 /* AudioInputSource.swift in Sources */ = {isa = PBXBuildFile; fileRef = AAAA000000000000000000A3 /* AudioInputSource.swift */; };
		AAAA000000000000000000B4 /* TranscriptionResult.swift in Sources */ = {isa = PBXBuildFile; fileRef = AAAA000000000000000000A4 /* TranscriptionResult.swift */; };
		AAAA000000000000000000B5 /* PostProcessContext.swift in Sources */ = {isa = PBXBuildFile; fileRef = AAAA000000000000000000A5 /* PostProcessContext.swift */; };
		AAAA000000000000000000B6 /* ASRError.swift in Sources */ = {isa = PBXBuildFile; fileRef = AAAA000000000000000000A6 /* ASRError.swift */; };
		AAAA000000000000000000B7 /* PostProcessError.swift in Sources */ = {isa = PBXBuildFile; fileRef = AAAA000000000000000000A7 /* PostProcessError.swift */; };
		AAAA000000000000000000B8 /* PassthroughPostProcessor.swift in Sources */ = {isa = PBXBuildFile; fileRef = AAAA000000000000000000A8 /* PassthroughPostProcessor.swift */; };
		AAAA000000000000000000B9 /* MockASREngine.swift in Sources */ = {isa = PBXBuildFile; fileRef = AAAA000000000000000000A9 /* MockASREngine.swift */; };
		AAAA000000000000000000BA /* AppConfig.swift in Sources */ = {isa = PBXBuildFile; fileRef = AAAA000000000000000000AA /* AppConfig.swift */; };
		AAAA000000000000000000BB /* AppConfigTests.swift in Sources */ = {isa = PBXBuildFile; fileRef = AAAA000000000000000000AB /* AppConfigTests.swift */; };
		AAAA000000000000000000BC /* AudioProcessor.swift in Sources */ = {isa = PBXBuildFile; fileRef = AAAA000000000000000000AC /* AudioProcessor.swift */; };
		AAAA000000000000000000BD /* SyntheticAudio.swift in Sources */ = {isa = PBXBuildFile; fileRef = AAAA000000000000000000AD /* SyntheticAudio.swift */; };
		AAAA000000000000000000BE /* AudioProcessorTests.swift in Sources */ = {isa = PBXBuildFile; fileRef = AAAA000000000000000000AE /* AudioProcessorTests.swift */; };
		AAAA000000000000000000BF /* AudioCaptureManager.swift in Sources */ = {isa = PBXBuildFile; fileRef = AAAA000000000000000000AF /* AudioCaptureManager.swift */; };
		AAAA000000000000000000C0 /* AudioDeviceManager.swift in Sources */ = {isa = PBXBuildFile; fileRef = AAAA000000000000000000B0 /* AudioDeviceManager.swift */; };
		AAAA000000000000000000CB /* WhisperKitEngine.swift in Sources */ = {isa = PBXBuildFile; fileRef = AAAA000000000000000000C9 /* WhisperKitEngine.swift */; };
		AAAA000000000000000000CC /* ModelDownloadManager.swift in Sources */ = {isa = PBXBuildFile; fileRef = AAAA000000000000000000CA /* ModelDownloadManager.swift */; };
		AAAA000000000000000000CF /* test_speech.wav in Resources */ = {isa = PBXBuildFile; fileRef = AAAA000000000000000000CD /* test_speech.wav */; };
		AAAA000000000000000000D2 /* WhisperKitIntegrationTests.swift in Sources */ = {isa = PBXBuildFile; fileRef = AAAA000000000000000000D1 /* WhisperKitIntegrationTests.swift */; };
		AAAA000000000000000000D4 /* HotkeyManager.swift in Sources */ = {isa = PBXBuildFile; fileRef = AAAA000000000000000000D3 /* HotkeyManager.swift */; };
		AAAA000000000000000000D7 /* TextPaster.swift in Sources */ = {isa = PBXBuildFile; fileRef = AAAA000000000000000000D6 /* TextPaster.swift */; };
		AAAA000000000000000000D9 /* TextPasterTests.swift in Sources */ = {isa = PBXBuildFile; fileRef = AAAA000000000000000000D8 /* TextPasterTests.swift */; };
		AAAA000000000000000000E1 /* TranscriptionPipeline.swift in Sources */ = {isa = PBXBuildFile; fileRef = AAAA000000000000000000E0 /* TranscriptionPipeline.swift */; };
		AAAA000000000000000000E3 /* PipelineFactory.swift in Sources */ = {isa = PBXBuildFile; fileRef = AAAA000000000000000000E2 /* PipelineFactory.swift */; };
		AAAA000000000000000000E5 /* TranscriptionPipelineTests.swift in Sources */ = {isa = PBXBuildFile; fileRef = AAAA000000000000000000E4 /* TranscriptionPipelineTests.swift */; };
		AAAA000000000000000000E8 /* AppCoordinator.swift in Sources */ = {isa = PBXBuildFile; fileRef = AAAA000000000000000000E7 /* AppCoordinator.swift */; };
		AAAA000000000000000000EA /* MenuBarController.swift in Sources */ = {isa = PBXBuildFile; fileRef = AAAA000000000000000000E9 /* MenuBarController.swift */; };
		AAAA000000000000000000ED /* RecordingOverlay.swift in Sources */ = {isa = PBXBuildFile; fileRef = AAAA000000000000000000EC /* RecordingOverlay.swift */; };
		AAAA000000000000000000EF /* SettingsView.swift in Sources */ = {isa = PBXBuildFile; fileRef = AAAA000000000000000000EE /* SettingsView.swift */; };
		AAAA000000000000000000F2 /* OllamaPostProcessor.swift in Sources */ = {isa = PBXBuildFile; fileRef = AAAA000000000000000000F1 /* OllamaPostProcessor.swift */; };
		AAAA000000000000000000F4 /* OllamaPostProcessorTests.swift in Sources */ = {isa = PBXBuildFile; fileRef = AAAA000000000000000000F3 /* OllamaPostProcessorTests.swift */; };
/* End PBXBuildFile section */

/* Begin PBXFileReference section */
		AAAA00000000000000000010 /* pspspsApp.swift */ = {isa = PBXFileReference; lastKnownFileType = sourcecode.swift; path = pspspsApp.swift; sourceTree = "<group>"; };
		AAAA00000000000000000011 /* pspsps.entitlements */ = {isa = PBXFileReference; lastKnownFileType = text.plist.entitlements; path = pspsps.entitlements; sourceTree = "<group>"; };
		AAAA00000000000000000012 /* Info.plist */ = {isa = PBXFileReference; lastKnownFileType = text.plist.xml; path = Info.plist; sourceTree = "<group>"; };
		AAAA00000000000000000013 /* pspsps.app */ = {isa = PBXFileReference; explicitFileType = wrapper.application; includeInIndex = 0; path = pspsps.app; sourceTree = BUILT_PRODUCTS_DIR; };
		AAAA00000000000000000020 /* pspspsTests.swift */ = {isa = PBXFileReference; lastKnownFileType = sourcecode.swift; path = pspspsTests.swift; sourceTree = "<group>"; };
		AAAA00000000000000000021 /* pspspsTests.xctest */ = {isa = PBXFileReference; explicitFileType = wrapper.cfbundle; includeInIndex = 0; path = pspspsTests.xctest; sourceTree = BUILT_PRODUCTS_DIR; };
		AAAA000000000000000000A1 /* ASREngine.swift */ = {isa = PBXFileReference; lastKnownFileType = sourcecode.swift; path = ASREngine.swift; sourceTree = "<group>"; };
		AAAA000000000000000000A2 /* PostProcessor.swift */ = {isa = PBXFileReference; lastKnownFileType = sourcecode.swift; path = PostProcessor.swift; sourceTree = "<group>"; };
		AAAA000000000000000000A3 /* AudioInputSource.swift */ = {isa = PBXFileReference; lastKnownFileType = sourcecode.swift; path = AudioInputSource.swift; sourceTree = "<group>"; };
		AAAA000000000000000000A4 /* TranscriptionResult.swift */ = {isa = PBXFileReference; lastKnownFileType = sourcecode.swift; path = TranscriptionResult.swift; sourceTree = "<group>"; };
		AAAA000000000000000000A5 /* PostProcessContext.swift */ = {isa = PBXFileReference; lastKnownFileType = sourcecode.swift; path = PostProcessContext.swift; sourceTree = "<group>"; };
		AAAA000000000000000000A6 /* ASRError.swift */ = {isa = PBXFileReference; lastKnownFileType = sourcecode.swift; path = ASRError.swift; sourceTree = "<group>"; };
		AAAA000000000000000000A7 /* PostProcessError.swift */ = {isa = PBXFileReference; lastKnownFileType = sourcecode.swift; path = PostProcessError.swift; sourceTree = "<group>"; };
		AAAA000000000000000000A8 /* PassthroughPostProcessor.swift */ = {isa = PBXFileReference; lastKnownFileType = sourcecode.swift; path = PassthroughPostProcessor.swift; sourceTree = "<group>"; };
		AAAA000000000000000000A9 /* MockASREngine.swift */ = {isa = PBXFileReference; lastKnownFileType = sourcecode.swift; path = MockASREngine.swift; sourceTree = "<group>"; };
		AAAA000000000000000000AA /* AppConfig.swift */ = {isa = PBXFileReference; lastKnownFileType = sourcecode.swift; path = AppConfig.swift; sourceTree = "<group>"; };
		AAAA000000000000000000AB /* AppConfigTests.swift */ = {isa = PBXFileReference; lastKnownFileType = sourcecode.swift; path = AppConfigTests.swift; sourceTree = "<group>"; };
		AAAA000000000000000000AC /* AudioProcessor.swift */ = {isa = PBXFileReference; lastKnownFileType = sourcecode.swift; path = AudioProcessor.swift; sourceTree = "<group>"; };
		AAAA000000000000000000AD /* SyntheticAudio.swift */ = {isa = PBXFileReference; lastKnownFileType = sourcecode.swift; path = SyntheticAudio.swift; sourceTree = "<group>"; };
		AAAA000000000000000000AE /* AudioProcessorTests.swift */ = {isa = PBXFileReference; lastKnownFileType = sourcecode.swift; path = AudioProcessorTests.swift; sourceTree = "<group>"; };
		AAAA000000000000000000AF /* AudioCaptureManager.swift */ = {isa = PBXFileReference; lastKnownFileType = sourcecode.swift; path = AudioCaptureManager.swift; sourceTree = "<group>"; };
		AAAA000000000000000000B0 /* AudioDeviceManager.swift */ = {isa = PBXFileReference; lastKnownFileType = sourcecode.swift; path = AudioDeviceManager.swift; sourceTree = "<group>"; };
		AAAA000000000000000000C9 /* WhisperKitEngine.swift */ = {isa = PBXFileReference; lastKnownFileType = sourcecode.swift; path = WhisperKitEngine.swift; sourceTree = "<group>"; };
		AAAA000000000000000000CA /* ModelDownloadManager.swift */ = {isa = PBXFileReference; lastKnownFileType = sourcecode.swift; path = ModelDownloadManager.swift; sourceTree = "<group>"; };
		AAAA000000000000000000CD /* test_speech.wav */ = {isa = PBXFileReference; lastKnownFileType = audio.wav; path = test_speech.wav; sourceTree = "<group>"; };
		AAAA000000000000000000D1 /* WhisperKitIntegrationTests.swift */ = {isa = PBXFileReference; lastKnownFileType = sourcecode.swift; path = WhisperKitIntegrationTests.swift; sourceTree = "<group>"; };
		AAAA000000000000000000D3 /* HotkeyManager.swift */ = {isa = PBXFileReference; lastKnownFileType = sourcecode.swift; path = HotkeyManager.swift; sourceTree = "<group>"; };
		AAAA000000000000000000D6 /* TextPaster.swift */ = {isa = PBXFileReference; lastKnownFileType = sourcecode.swift; path = TextPaster.swift; sourceTree = "<group>"; };
		AAAA000000000000000000D8 /* TextPasterTests.swift */ = {isa = PBXFileReference; lastKnownFileType = sourcecode.swift; path = TextPasterTests.swift; sourceTree = "<group>"; };
		AAAA000000000000000000E0 /* TranscriptionPipeline.swift */ = {isa = PBXFileReference; lastKnownFileType = sourcecode.swift; path = TranscriptionPipeline.swift; sourceTree = "<group>"; };
		AAAA000000000000000000E2 /* PipelineFactory.swift */ = {isa = PBXFileReference; lastKnownFileType = sourcecode.swift; path = PipelineFactory.swift; sourceTree = "<group>"; };
		AAAA000000000000000000E4 /* TranscriptionPipelineTests.swift */ = {isa = PBXFileReference; lastKnownFileType = sourcecode.swift; path = TranscriptionPipelineTests.swift; sourceTree = "<group>"; };
		AAAA000000000000000000E7 /* AppCoordinator.swift */ = {isa = PBXFileReference; lastKnownFileType = sourcecode.swift; path = AppCoordinator.swift; sourceTree = "<group>"; };
		AAAA000000000000000000E9 /* MenuBarController.swift */ = {isa = PBXFileReference; lastKnownFileType = sourcecode.swift; path = MenuBarController.swift; sourceTree = "<group>"; };
		AAAA000000000000000000EC /* RecordingOverlay.swift */ = {isa = PBXFileReference; lastKnownFileType = sourcecode.swift; path = RecordingOverlay.swift; sourceTree = "<group>"; };
		AAAA000000000000000000EE /* SettingsView.swift */ = {isa = PBXFileReference; lastKnownFileType = sourcecode.swift; path = SettingsView.swift; sourceTree = "<group>"; };
		AAAA000000000000000000F1 /* OllamaPostProcessor.swift */ = {isa = PBXFileReference; lastKnownFileType = sourcecode.swift; path = OllamaPostProcessor.swift; sourceTree = "<group>"; };
		AAAA000000000000000000F3 /* OllamaPostProcessorTests.swift */ = {isa = PBXFileReference; lastKnownFileType = sourcecode.swift; path = OllamaPostProcessorTests.swift; sourceTree = "<group>"; };
/* End PBXFileReference section */

/* Begin PBXFrameworksBuildPhase section */
		AAAA00000000000000000041 /* Frameworks */ = {
			isa = PBXFrameworksBuildPhase;
			buildActionMask = 2147483647;
			files = (
				AAAA00000000000000000052 /* WhisperKit in Frameworks */,
				AAAA00000000000000000053 /* FluidAudio in Frameworks */,
			);
			runOnlyForDeploymentPostprocessing = 0;
		};
		AAAA00000000000000000044 /* Frameworks */ = {
			isa = PBXFrameworksBuildPhase;
			buildActionMask = 2147483647;
			files = (
			);
			runOnlyForDeploymentPostprocessing = 0;
		};
/* End PBXFrameworksBuildPhase section */

/* Begin PBXGroup section */
		AAAA00000000000000000002 /* pspsps */ = {
			isa = PBXGroup;
			children = (
				AAAA00000000000000000003 /* pspsps */,
				AAAA00000000000000000004 /* pspspsTests */,
				AAAA00000000000000000005 /* Products */,
			);
			sourceTree = "<group>";
		};
		AAAA00000000000000000003 /* pspsps */ = {
			isa = PBXGroup;
			children = (
				AAAA00000000000000000010 /* pspspsApp.swift */,
				AAAA000000000000000000AA /* AppConfig.swift */,
				AAAA000000000000000000E7 /* AppCoordinator.swift */,
				AAAA00000000000000000011 /* pspsps.entitlements */,
				AAAA00000000000000000012 /* Info.plist */,
				AAAA000000000000000000C1 /* Core */,
				AAAA000000000000000000C4 /* PostProcessors */,
				AAAA000000000000000000C6 /* Audio */,
				AAAA000000000000000000C8 /* ASR */,
				AAAA000000000000000000D5 /* Input */,
				AAAA000000000000000000EB /* UI */,
			);
			path = pspsps;
			sourceTree = "<group>";
		};
		AAAA00000000000000000004 /* pspspsTests */ = {
			isa = PBXGroup;
			children = (
				AAAA00000000000000000020 /* pspspsTests.swift */,
				AAAA000000000000000000AB /* AppConfigTests.swift */,
				AAAA000000000000000000AE /* AudioProcessorTests.swift */,
				AAAA000000000000000000D1 /* WhisperKitIntegrationTests.swift */,
				AAAA000000000000000000D8 /* TextPasterTests.swift */,
				AAAA000000000000000000E4 /* TranscriptionPipelineTests.swift */,
				AAAA000000000000000000F3 /* OllamaPostProcessorTests.swift */,
				AAAA000000000000000000C5 /* Mocks */,
				AAAA000000000000000000C7 /* Helpers */,
				AAAA000000000000000000CE /* TestFixtures */,
			);
			path = pspspsTests;
			sourceTree = "<group>";
		};
		AAAA000000000000000000C1 /* Core */ = {
			isa = PBXGroup;
			children = (
				AAAA000000000000000000C2 /* Protocols */,
				AAAA000000000000000000C3 /* Models */,
				AAAA000000000000000000E6 /* Pipeline */,
			);
			path = Core;
			sourceTree = "<group>";
		};
		AAAA000000000000000000E6 /* Pipeline */ = {
			isa = PBXGroup;
			children = (
				AAAA000000000000000000E0 /* TranscriptionPipeline.swift */,
				AAAA000000000000000000E2 /* PipelineFactory.swift */,
			);
			path = Pipeline;
			sourceTree = "<group>";
		};
		AAAA000000000000000000C2 /* Protocols */ = {
			isa = PBXGroup;
			children = (
				AAAA000000000000000000A1 /* ASREngine.swift */,
				AAAA000000000000000000A2 /* PostProcessor.swift */,
				AAAA000000000000000000A3 /* AudioInputSource.swift */,
			);
			path = Protocols;
			sourceTree = "<group>";
		};
		AAAA000000000000000000C3 /* Models */ = {
			isa = PBXGroup;
			children = (
				AAAA000000000000000000A4 /* TranscriptionResult.swift */,
				AAAA000000000000000000A5 /* PostProcessContext.swift */,
				AAAA000000000000000000A6 /* ASRError.swift */,
				AAAA000000000000000000A7 /* PostProcessError.swift */,
			);
			path = Models;
			sourceTree = "<group>";
		};
		AAAA000000000000000000C4 /* PostProcessors */ = {
			isa = PBXGroup;
			children = (
				AAAA000000000000000000A8 /* PassthroughPostProcessor.swift */,
				AAAA000000000000000000F1 /* OllamaPostProcessor.swift */,
			);
			path = PostProcessors;
			sourceTree = "<group>";
		};
		AAAA000000000000000000C5 /* Mocks */ = {
			isa = PBXGroup;
			children = (
				AAAA000000000000000000A9 /* MockASREngine.swift */,
			);
			path = Mocks;
			sourceTree = "<group>";
		};
		AAAA000000000000000000C6 /* Audio */ = {
			isa = PBXGroup;
			children = (
				AAAA000000000000000000AC /* AudioProcessor.swift */,
				AAAA000000000000000000AF /* AudioCaptureManager.swift */,
				AAAA000000000000000000B0 /* AudioDeviceManager.swift */,
			);
			path = Audio;
			sourceTree = "<group>";
		};
		AAAA000000000000000000C7 /* Helpers */ = {
			isa = PBXGroup;
			children = (
				AAAA000000000000000000AD /* SyntheticAudio.swift */,
			);
			path = Helpers;
			sourceTree = "<group>";
		};
		AAAA000000000000000000CE /* TestFixtures */ = {
			isa = PBXGroup;
			children = (
				AAAA000000000000000000CD /* test_speech.wav */,
			);
			path = TestFixtures;
			sourceTree = "<group>";
		};
		AAAA000000000000000000C8 /* ASR */ = {
			isa = PBXGroup;
			children = (
				AAAA000000000000000000C9 /* WhisperKitEngine.swift */,
				AAAA000000000000000000CA /* ModelDownloadManager.swift */,
			);
			path = ASR;
			sourceTree = "<group>";
		};
		AAAA000000000000000000D5 /* Input */ = {
			isa = PBXGroup;
			children = (
				AAAA000000000000000000D3 /* HotkeyManager.swift */,
				AAAA000000000000000000D6 /* TextPaster.swift */,
			);
			path = Input;
			sourceTree = "<group>";
		};
		AAAA000000000000000000EB /* UI */ = {
			isa = PBXGroup;
			children = (
				AAAA000000000000000000E9 /* MenuBarController.swift */,
				AAAA000000000000000000EC /* RecordingOverlay.swift */,
				AAAA000000000000000000F0 /* Settings */,
			);
			path = UI;
			sourceTree = "<group>";
		};
		AAAA000000000000000000F0 /* Settings */ = {
			isa = PBXGroup;
			children = (
				AAAA000000000000000000EE /* SettingsView.swift */,
			);
			path = Settings;
			sourceTree = "<group>";
		};
		AAAA00000000000000000005 /* Products */ = {
			isa = PBXGroup;
			children = (
				AAAA00000000000000000013 /* pspsps.app */,
				AAAA00000000000000000021 /* pspspsTests.xctest */,
			);
			name = Products;
			sourceTree = "<group>";
		};
/* End PBXGroup section */

/* Begin PBXNativeTarget section */
		AAAA00000000000000000030 /* pspsps */ = {
			isa = PBXNativeTarget;
			buildConfigurationList = AAAA00000000000000000061 /* Build configuration list for PBXNativeTarget "pspsps" */;
			buildPhases = (
				AAAA00000000000000000040 /* Sources */,
				AAAA00000000000000000041 /* Frameworks */,
				AAAA00000000000000000042 /* Resources */,
			);
			buildRules = (
			);
			dependencies = (
			);
			name = pspsps;
			packageProductDependencies = (
				AAAA00000000000000000081 /* WhisperKit */,
				AAAA00000000000000000083 /* FluidAudio */,
			);
			productName = pspsps;
			productReference = AAAA00000000000000000013 /* pspsps.app */;
			productType = "com.apple.product-type.application";
		};
		AAAA00000000000000000031 /* pspspsTests */ = {
			isa = PBXNativeTarget;
			buildConfigurationList = AAAA00000000000000000062 /* Build configuration list for PBXNativeTarget "pspspsTests" */;
			buildPhases = (
				AAAA00000000000000000043 /* Sources */,
				AAAA00000000000000000044 /* Frameworks */,
				AAAA000000000000000000D0 /* Resources */,
			);
			buildRules = (
			);
			dependencies = (
				AAAA00000000000000000090 /* PBXTargetDependency */,
			);
			name = pspspsTests;
			productName = pspspsTests;
			productReference = AAAA00000000000000000021 /* pspspsTests.xctest */;
			productType = "com.apple.product-type.bundle.unit-test";
		};
/* End PBXNativeTarget section */

/* Begin PBXProject section */
		AAAA00000000000000000001 /* Project object */ = {
			isa = PBXProject;
			attributes = {
				BuildIndependentTargetsInParallel = 1;
				LastSwiftUpdateCheck = 1610;
				LastUpgradeCheck = 1610;
				TargetAttributes = {
					AAAA00000000000000000030 = {
						CreatedOnToolsVersion = 16.1;
					};
					AAAA00000000000000000031 = {
						CreatedOnToolsVersion = 16.1;
						TestTargetID = AAAA00000000000000000030;
					};
				};
			};
			buildConfigurationList = AAAA00000000000000000060 /* Build configuration list for PBXProject "pspsps" */;
			compatibilityVersion = "Xcode 14.0";
			developmentRegion = en;
			hasScannedForEncodings = 0;
			knownRegions = (
				en,
				Base,
			);
			mainGroup = AAAA00000000000000000002;
			packageReferences = (
				AAAA00000000000000000080 /* XCRemoteSwiftPackageReference "WhisperKit" */,
				AAAA00000000000000000082 /* XCRemoteSwiftPackageReference "FluidAudio" */,
			);
			productRefGroup = AAAA00000000000000000005 /* Products */;
			projectDirPath = "";
			projectRoot = "";
			targets = (
				AAAA00000000000000000030 /* pspsps */,
				AAAA00000000000000000031 /* pspspsTests */,
			);
		};
/* End PBXProject section */

/* Begin PBXContainerItemProxy section */
		AAAA00000000000000000091 /* PBXContainerItemProxy */ = {
			isa = PBXContainerItemProxy;
			containerPortal = AAAA00000000000000000001 /* Project object */;
			proxyType = 1;
			remoteGlobalIDString = AAAA00000000000000000030;
			remoteInfo = pspsps;
		};
/* End PBXContainerItemProxy section */

/* Begin PBXTargetDependency section */
		AAAA00000000000000000090 /* PBXTargetDependency */ = {
			isa = PBXTargetDependency;
			target = AAAA00000000000000000030 /* pspsps */;
			targetProxy = AAAA00000000000000000091 /* PBXContainerItemProxy */;
		};
/* End PBXTargetDependency section */

/* Begin PBXResourcesBuildPhase section */
		AAAA00000000000000000042 /* Resources */ = {
			isa = PBXResourcesBuildPhase;
			buildActionMask = 2147483647;
			files = (
			);
			runOnlyForDeploymentPostprocessing = 0;
		};
		AAAA000000000000000000D0 /* Resources */ = {
			isa = PBXResourcesBuildPhase;
			buildActionMask = 2147483647;
			files = (
				AAAA000000000000000000CF /* test_speech.wav in Resources */,
			);
			runOnlyForDeploymentPostprocessing = 0;
		};
/* End PBXResourcesBuildPhase section */

/* Begin PBXSourcesBuildPhase section */
		AAAA00000000000000000040 /* Sources */ = {
			isa = PBXSourcesBuildPhase;
			buildActionMask = 2147483647;
			files = (
				AAAA00000000000000000050 /* pspspsApp.swift in Sources */,
				AAAA000000000000000000BA /* AppConfig.swift in Sources */,
				AAAA000000000000000000B1 /* ASREngine.swift in Sources */,
				AAAA000000000000000000B2 /* PostProcessor.swift in Sources */,
				AAAA000000000000000000B3 /* AudioInputSource.swift in Sources */,
				AAAA000000000000000000B4 /* TranscriptionResult.swift in Sources */,
				AAAA000000000000000000B5 /* PostProcessContext.swift in Sources */,
				AAAA000000000000000000B6 /* ASRError.swift in Sources */,
				AAAA000000000000000000B7 /* PostProcessError.swift in Sources */,
				AAAA000000000000000000B8 /* PassthroughPostProcessor.swift in Sources */,
				AAAA000000000000000000BC /* AudioProcessor.swift in Sources */,
				AAAA000000000000000000BF /* AudioCaptureManager.swift in Sources */,
				AAAA000000000000000000C0 /* AudioDeviceManager.swift in Sources */,
				AAAA000000000000000000CB /* WhisperKitEngine.swift in Sources */,
				AAAA000000000000000000CC /* ModelDownloadManager.swift in Sources */,
				AAAA000000000000000000D4 /* HotkeyManager.swift in Sources */,
				AAAA000000000000000000D7 /* TextPaster.swift in Sources */,
				AAAA000000000000000000E1 /* TranscriptionPipeline.swift in Sources */,
				AAAA000000000000000000E3 /* PipelineFactory.swift in Sources */,
				AAAA000000000000000000E8 /* AppCoordinator.swift in Sources */,
				AAAA000000000000000000EA /* MenuBarController.swift in Sources */,
				AAAA000000000000000000ED /* RecordingOverlay.swift in Sources */,
				AAAA000000000000000000EF /* SettingsView.swift in Sources */,
			AAAA000000000000000000F2 /* OllamaPostProcessor.swift in Sources */,
			);
			runOnlyForDeploymentPostprocessing = 0;
		};
		AAAA00000000000000000043 /* Sources */ = {
			isa = PBXSourcesBuildPhase;
			buildActionMask = 2147483647;
			files = (
				AAAA00000000000000000051 /* pspspsTests.swift in Sources */,
				AAAA000000000000000000B9 /* MockASREngine.swift in Sources */,
				AAAA000000000000000000BB /* AppConfigTests.swift in Sources */,
				AAAA000000000000000000BD /* SyntheticAudio.swift in Sources */,
				AAAA000000000000000000BE /* AudioProcessorTests.swift in Sources */,
				AAAA000000000000000000D2 /* WhisperKitIntegrationTests.swift in Sources */,
				AAAA000000000000000000D9 /* TextPasterTests.swift in Sources */,
				AAAA000000000000000000E5 /* TranscriptionPipelineTests.swift in Sources */,
			AAAA000000000000000000F4 /* OllamaPostProcessorTests.swift in Sources */,
			);
			runOnlyForDeploymentPostprocessing = 0;
		};
/* End PBXSourcesBuildPhase section */

/* Begin XCBuildConfiguration section */
		AAAA00000000000000000070 /* Debug */ = {
			isa = XCBuildConfiguration;
			buildSettings = {
				ALWAYS_SEARCH_USER_PATHS = NO;
				CLANG_ANALYZER_NONNULL = YES;
				CLANG_ANALYZER_NUMBER_OBJECT_CONVERSION = YES_AGGRESSIVE;
				CLANG_CXX_LANGUAGE_STANDARD = "gnu++20";
				CLANG_ENABLE_MODULES = YES;
				CLANG_ENABLE_OBJC_ARC = YES;
				CLANG_ENABLE_OBJC_WEAK = YES;
				CLANG_WARN_BLOCK_CAPTURE_AUTORELEASING = YES;
				CLANG_WARN_BOOL_CONVERSION = YES;
				CLANG_WARN_COMMA = YES;
				CLANG_WARN_CONSTANT_CONVERSION = YES;
				CLANG_WARN_DEPRECATED_OBJC_IMPLEMENTATIONS = YES;
				CLANG_WARN_DIRECT_OBJC_ISA_USAGE = YES_ERROR;
				CLANG_WARN_DOCUMENTATION_COMMENTS = YES;
				CLANG_WARN_EMPTY_BODY = YES;
				CLANG_WARN_ENUM_CONVERSION = YES;
				CLANG_WARN_INFINITE_RECURSION = YES;
				CLANG_WARN_INT_CONVERSION = YES;
				CLANG_WARN_NON_LITERAL_NULL_CONVERSION = YES;
				CLANG_WARN_OBJC_IMPLICIT_RETAIN_SELF = YES;
				CLANG_WARN_OBJC_LITERAL_CONVERSION = YES;
				CLANG_WARN_OBJC_ROOT_CLASS = YES_ERROR;
				CLANG_WARN_QUOTED_INCLUDE_IN_FRAMEWORK_HEADER = YES;
				CLANG_WARN_RANGE_LOOP_ANALYSIS = YES;
				CLANG_WARN_STRICT_PROTOTYPES = YES;
				CLANG_WARN_SUSPICIOUS_MOVE = YES;
				CLANG_WARN_UNGUARDED_AVAILABILITY = YES_AGGRESSIVE;
				CLANG_WARN_UNREACHABLE_CODE = YES;
				CLANG_WARN__DUPLICATE_METHOD_MATCH = YES;
				COPY_PHASE_STRIP = NO;
				DEBUG_INFORMATION_FORMAT = dwarf;
				ENABLE_STRICT_OBJC_MSGSEND = YES;
				ENABLE_TESTABILITY = YES;
				ENABLE_USER_SCRIPT_SANDBOXING = YES;
				GCC_C_LANGUAGE_STANDARD = gnu17;
				GCC_DYNAMIC_NO_PIC = NO;
				GCC_NO_COMMON_BLOCKS = YES;
				GCC_OPTIMIZATION_LEVEL = 0;
				GCC_PREPROCESSOR_DEFINITIONS = (
					"DEBUG=1",
					"$(inherited)",
				);
				GCC_WARN_64_TO_32_BIT_CONVERSION = YES;
				GCC_WARN_ABOUT_RETURN_TYPE = YES_ERROR;
				GCC_WARN_UNDECLARED_SELECTOR = YES;
				GCC_WARN_UNINITIALIZED_AUTOS = YES_AGGRESSIVE;
				GCC_WARN_UNUSED_FUNCTION = YES;
				GCC_WARN_UNUSED_VARIABLE = YES;
				MACOSX_DEPLOYMENT_TARGET = 14.0;
				MTL_ENABLE_DEBUG_INFO = INCLUDE_SOURCE;
				MTL_FAST_MATH = YES;
				ONLY_ACTIVE_ARCH = YES;
				SWIFT_ACTIVE_COMPILATION_CONDITIONS = "DEBUG $(inherited)";
				SWIFT_OPTIMIZATION_LEVEL = "-Onone";
			};
			name = Debug;
		};
		AAAA00000000000000000071 /* Release */ = {
			isa = XCBuildConfiguration;
			buildSettings = {
				ALWAYS_SEARCH_USER_PATHS = NO;
				CLANG_ANALYZER_NONNULL = YES;
				CLANG_ANALYZER_NUMBER_OBJECT_CONVERSION = YES_AGGRESSIVE;
				CLANG_CXX_LANGUAGE_STANDARD = "gnu++20";
				CLANG_ENABLE_MODULES = YES;
				CLANG_ENABLE_OBJC_ARC = YES;
				CLANG_ENABLE_OBJC_WEAK = YES;
				CLANG_WARN_BLOCK_CAPTURE_AUTORELEASING = YES;
				CLANG_WARN_BOOL_CONVERSION = YES;
				CLANG_WARN_COMMA = YES;
				CLANG_WARN_CONSTANT_CONVERSION = YES;
				CLANG_WARN_DEPRECATED_OBJC_IMPLEMENTATIONS = YES;
				CLANG_WARN_DIRECT_OBJC_ISA_USAGE = YES_ERROR;
				CLANG_WARN_DOCUMENTATION_COMMENTS = YES;
				CLANG_WARN_EMPTY_BODY = YES;
				CLANG_WARN_ENUM_CONVERSION = YES;
				CLANG_WARN_INFINITE_RECURSION = YES;
				CLANG_WARN_INT_CONVERSION = YES;
				CLANG_WARN_NON_LITERAL_NULL_CONVERSION = YES;
				CLANG_WARN_OBJC_IMPLICIT_RETAIN_SELF = YES;
				CLANG_WARN_OBJC_LITERAL_CONVERSION = YES;
				CLANG_WARN_OBJC_ROOT_CLASS = YES_ERROR;
				CLANG_WARN_QUOTED_INCLUDE_IN_FRAMEWORK_HEADER = YES;
				CLANG_WARN_RANGE_LOOP_ANALYSIS = YES;
				CLANG_WARN_STRICT_PROTOTYPES = YES;
				CLANG_WARN_SUSPICIOUS_MOVE = YES;
				CLANG_WARN_UNGUARDED_AVAILABILITY = YES_AGGRESSIVE;
				CLANG_WARN_UNREACHABLE_CODE = YES;
				CLANG_WARN__DUPLICATE_METHOD_MATCH = YES;
				COPY_PHASE_STRIP = NO;
				DEBUG_INFORMATION_FORMAT = "dwarf-with-dsym";
				ENABLE_NS_ASSERTIONS = NO;
				ENABLE_STRICT_OBJC_MSGSEND = YES;
				ENABLE_USER_SCRIPT_SANDBOXING = YES;
				GCC_C_LANGUAGE_STANDARD = gnu17;
				GCC_NO_COMMON_BLOCKS = YES;
				GCC_WARN_64_TO_32_BIT_CONVERSION = YES;
				GCC_WARN_ABOUT_RETURN_TYPE = YES_ERROR;
				GCC_WARN_UNDECLARED_SELECTOR = YES;
				GCC_WARN_UNINITIALIZED_AUTOS = YES_AGGRESSIVE;
				GCC_WARN_UNUSED_FUNCTION = YES;
				GCC_WARN_UNUSED_VARIABLE = YES;
				MACOSX_DEPLOYMENT_TARGET = 14.0;
				MTL_FAST_MATH = YES;
				SWIFT_COMPILATION_MODE = wholemodule;
				SWIFT_OPTIMIZATION_LEVEL = "-O";
			};
			name = Release;
		};
		AAAA00000000000000000072 /* Debug */ = {
			isa = XCBuildConfiguration;
			buildSettings = {
				CODE_SIGN_ENTITLEMENTS = pspsps/pspsps.entitlements;
				CODE_SIGN_STYLE = Automatic;
				COMBINE_HIDPI_IMAGES = YES;
				DEVELOPMENT_TEAM = "";
				INFOPLIST_FILE = pspsps/Info.plist;
				LD_RUNPATH_SEARCH_PATHS = (
					"$(inherited)",
					"@executable_path/../Frameworks",
				);
				MACOSX_DEPLOYMENT_TARGET = 14.0;
				PRODUCT_BUNDLE_IDENTIFIER = com.pspsps.pspsps;
				PRODUCT_NAME = "$(TARGET_NAME)";
				SWIFT_EMIT_LOC_STRINGS = YES;
				SWIFT_VERSION = 6.0;
			};
			name = Debug;
		};
		AAAA00000000000000000073 /* Release */ = {
			isa = XCBuildConfiguration;
			buildSettings = {
				CODE_SIGN_ENTITLEMENTS = pspsps/pspsps.entitlements;
				CODE_SIGN_STYLE = Automatic;
				COMBINE_HIDPI_IMAGES = YES;
				DEVELOPMENT_TEAM = "";
				INFOPLIST_FILE = pspsps/Info.plist;
				LD_RUNPATH_SEARCH_PATHS = (
					"$(inherited)",
					"@executable_path/../Frameworks",
				);
				MACOSX_DEPLOYMENT_TARGET = 14.0;
				PRODUCT_BUNDLE_IDENTIFIER = com.pspsps.pspsps;
				PRODUCT_NAME = "$(TARGET_NAME)";
				SWIFT_EMIT_LOC_STRINGS = YES;
				SWIFT_VERSION = 6.0;
			};
			name = Release;
		};
		AAAA00000000000000000074 /* Debug */ = {
			isa = XCBuildConfiguration;
			buildSettings = {
				BUNDLE_LOADER = "$(TEST_HOST)";
				CODE_SIGN_STYLE = Automatic;
				DEVELOPMENT_TEAM = "";
				GENERATE_INFOPLIST_FILE = YES;
				MACOSX_DEPLOYMENT_TARGET = 14.0;
				PRODUCT_BUNDLE_IDENTIFIER = com.pspsps.pspspsTests;
				PRODUCT_NAME = "$(TARGET_NAME)";
				SWIFT_EMIT_LOC_STRINGS = NO;
				SWIFT_VERSION = 6.0;
				TEST_HOST = "$(BUILT_PRODUCTS_DIR)/pspsps.app/Contents/MacOS/pspsps";
			};
			name = Debug;
		};
		AAAA00000000000000000075 /* Release */ = {
			isa = XCBuildConfiguration;
			buildSettings = {
				BUNDLE_LOADER = "$(TEST_HOST)";
				CODE_SIGN_STYLE = Automatic;
				DEVELOPMENT_TEAM = "";
				GENERATE_INFOPLIST_FILE = YES;
				MACOSX_DEPLOYMENT_TARGET = 14.0;
				PRODUCT_BUNDLE_IDENTIFIER = com.pspsps.pspspsTests;
				PRODUCT_NAME = "$(TARGET_NAME)";
				SWIFT_EMIT_LOC_STRINGS = NO;
				SWIFT_VERSION = 6.0;
				TEST_HOST = "$(BUILT_PRODUCTS_DIR)/pspsps.app/Contents/MacOS/pspsps";
			};
			name = Release;
		};
/* End XCBuildConfiguration section */

/* Begin XCConfigurationList section */
		AAAA00000000000000000060 /* Build configuration list for PBXProject "pspsps" */ = {
			isa = XCConfigurationList;
			buildConfigurations = (
				AAAA00000000000000000070 /* Debug */,
				AAAA00000000000000000071 /* Release */,
			);
			defaultConfigurationIsVisible = 0;
			defaultConfigurationName = Release;
		};
		AAAA00000000000000000061 /* Build configuration list for PBXNativeTarget "pspsps" */ = {
			isa = XCConfigurationList;
			buildConfigurations = (
				AAAA00000000000000000072 /* Debug */,
				AAAA00000000000000000073 /* Release */,
			);
			defaultConfigurationIsVisible = 0;
			defaultConfigurationName = Release;
		};
		AAAA00000000000000000062 /* Build configuration list for PBXNativeTarget "pspspsTests" */ = {
			isa = XCConfigurationList;
			buildConfigurations = (
				AAAA00000000000000000074 /* Debug */,
				AAAA00000000000000000075 /* Release */,
			);
			defaultConfigurationIsVisible = 0;
			defaultConfigurationName = Release;
		};
/* End XCConfigurationList section */

/* Begin XCRemoteSwiftPackageReference section */
		AAAA00000000000000000080 /* XCRemoteSwiftPackageReference "WhisperKit" */ = {
			isa = XCRemoteSwiftPackageReference;
			repositoryURL = "https://github.com/argmaxinc/WhisperKit";
			requirement = {
				kind = upToNextMajorVersion;
				minimumVersion = 0.9.0;
			};
		};
		AAAA00000000000000000082 /* XCRemoteSwiftPackageReference "FluidAudio" */ = {
			isa = XCRemoteSwiftPackageReference;
			repositoryURL = "https://github.com/FluidInference/FluidAudio";
			requirement = {
				branch = main;
				kind = branch;
			};
		};
/* End XCRemoteSwiftPackageReference section */

/* Begin XCSwiftPackageProductDependency section */
		AAAA00000000000000000081 /* WhisperKit */ = {
			isa = XCSwiftPackageProductDependency;
			package = AAAA00000000000000000080 /* XCRemoteSwiftPackageReference "WhisperKit" */;
			productName = WhisperKit;
		};
		AAAA00000000000000000083 /* FluidAudio */ = {
			isa = XCSwiftPackageProductDependency;
			package = AAAA00000000000000000082 /* XCRemoteSwiftPackageReference "FluidAudio" */;
			productName = FluidAudio;
		};
/* End XCSwiftPackageProductDependency section */

	};
	rootObject = AAAA00000000000000000001 /* Project object */;
}
